
Microsoft Visual Studio Solution File, Format Version 12.00
# Visual Studio 15
Project("{FAE04EC0-301F-11D3-BF4B-00C04F79EFBC}") = "Unity.Timeline", "Unity.Timeline.csproj", "{01B6A578-A2FD-BEB8-1A65-2873CD59C0AE}"
EndProject
Project("{FAE04EC0-301F-11D3-BF4B-00C04F79EFBC}") = "Unity.ShaderGraph.Editor", "Unity.ShaderGraph.Editor.csproj", "{3AB46E55-6215-C44E-A411-F3373D87A9A6}"
EndProject
Project("{FAE04EC0-301F-11D3-BF4B-00C04F79EFBC}") = "Unity.PlasticSCM.Editor", "Unity.PlasticSCM.Editor.csproj", "{978366A8-17C7-0807-CD56-E729629A2C5F}"
EndProject
Project("{FAE04EC0-301F-11D3-BF4B-00C04F79EFBC}") = "Unity.2D.Aseprite.Editor", "Unity.2D.Aseprite.Editor.csproj", "{5EE77D80-18C8-154B-FE74-C898D3F10744}"
EndProject
Project("{FAE04EC0-301F-11D3-BF4B-00C04F79EFBC}") = "Unity.VisualScripting.Flow", "Unity.VisualScripting.Flow.csproj", "{4EBAD359-87D9-D7DF-097C-21DE3DDF183F}"
EndProject
Project("{FAE04EC0-301F-11D3-BF4B-00C04F79EFBC}") = "Unity.RenderPipelines.Universal.Runtime", "Unity.RenderPipelines.Universal.Runtime.csproj", "{6214B5B9-A6AA-C901-EB9A-A9E136549871}"
EndProject
Project("{FAE04EC0-301F-11D3-BF4B-00C04F79EFBC}") = "UnityEditor.UI", "UnityEditor.UI.csproj", "{FE83B414-5E4B-5D75-00B9-D9D0D602B71F}"
EndProject
Project("{FAE04EC0-301F-11D3-BF4B-00C04F79EFBC}") = "Unity.Timeline.Editor", "Unity.Timeline.Editor.csproj", "{94DE70D1-82A1-5886-99A4-5B8B5408D435}"
EndProject
Project("{FAE04EC0-301F-11D3-BF4B-00C04F79EFBC}") = "Unity.RenderPipelines.Core.Runtime", "Unity.RenderPipelines.Core.Runtime.csproj", "{058B8170-E594-48C7-F02C-5D15FAA613CA}"
EndProject
Project("{FAE04EC0-301F-11D3-BF4B-00C04F79EFBC}") = "Unity.Mathematics", "Unity.Mathematics.csproj", "{CC5F55E9-20F3-F215-0CF3-4EA3D617CAC0}"
EndProject
Project("{FAE04EC0-301F-11D3-BF4B-00C04F79EFBC}") = "Unity.RenderPipelines.Core.Editor", "Unity.RenderPipelines.Core.Editor.csproj", "{4C500588-9A9F-0DAA-C167-AB4A845A2C52}"
EndProject
Project("{FAE04EC0-301F-11D3-BF4B-00C04F79EFBC}") = "Unity.2D.Common.Path.Editor", "Unity.2D.Common.Path.Editor.csproj", "{9C6E785E-99BD-E796-DB2A-FD66D9343BF7}"
EndProject
Project("{FAE04EC0-301F-11D3-BF4B-00C04F79EFBC}") = "Unity.2D.Psdimporter.Editor", "Unity.2D.Psdimporter.Editor.csproj", "{871B0B72-2292-183D-184D-F6E836BCDF07}"
EndProject
Project("{FAE04EC0-301F-11D3-BF4B-00C04F79EFBC}") = "Unity.VisualScripting.Core.Editor", "Unity.VisualScripting.Core.Editor.csproj", "{BD261755-1B34-0F18-5491-D7360E6E69DF}"
EndProject
Project("{FAE04EC0-301F-11D3-BF4B-00C04F79EFBC}") = "Unity.2D.IK.Runtime", "Unity.2D.IK.Runtime.csproj", "{40C5362C-3268-9C0D-88F7-BB2726FE5813}"
EndProject
Project("{FAE04EC0-301F-11D3-BF4B-00C04F79EFBC}") = "Assembly-CSharp", "Assembly-CSharp.csproj", "{803BA18E-4039-921B-54CB-4633B7F67E22}"
EndProject
Project("{FAE04EC0-301F-11D3-BF4B-00C04F79EFBC}") = "UnityEditor.TestRunner", "UnityEditor.TestRunner.csproj", "{8864152F-A0FD-7452-4BF6-BB54B6F3D34F}"
EndProject
Project("{FAE04EC0-301F-11D3-BF4B-00C04F79EFBC}") = "Unity.RenderPipelines.Universal.Editor", "Unity.RenderPipelines.Universal.Editor.csproj", "{FA26F0A6-49E5-B784-9D51-17EBD34CDAD4}"
EndProject
Project("{FAE04EC0-301F-11D3-BF4B-00C04F79EFBC}") = "Unity.Windsurf.Editor", "Unity.Windsurf.Editor.csproj", "{52CF507F-1305-71EB-B433-19CFFA856A61}"
EndProject
Project("{FAE04EC0-301F-11D3-BF4B-00C04F79EFBC}") = "Unity.TextMeshPro.Editor", "Unity.TextMeshPro.Editor.csproj", "{4CB15776-087C-E277-8DB7-CB7E285C1DC6}"
EndProject
Project("{FAE04EC0-301F-11D3-BF4B-00C04F79EFBC}") = "Unity.VisualScripting.Flow.Editor", "Unity.VisualScripting.Flow.Editor.csproj", "{F04E63C7-0507-5F61-32BC-4F81BE530081}"
EndProject
Project("{FAE04EC0-301F-11D3-BF4B-00C04F79EFBC}") = "UnityEngine.TestRunner", "UnityEngine.TestRunner.csproj", "{9470840E-D2EB-2852-3AEC-FDBABB61658F}"
EndProject
Project("{FAE04EC0-301F-11D3-BF4B-00C04F79EFBC}") = "Unity.VisualScripting.Core", "Unity.VisualScripting.Core.csproj", "{F8619C49-67D6-4063-DB57-FCE73D2D3129}"
EndProject
Project("{FAE04EC0-301F-11D3-BF4B-00C04F79EFBC}") = "Unity.2D.Tilemap.Editor", "Unity.2D.Tilemap.Editor.csproj", "{62E49BF1-0403-58B9-50F6-BBF69B086CC6}"
EndProject
Project("{FAE04EC0-301F-11D3-BF4B-00C04F79EFBC}") = "Unity.Searcher.Editor", "Unity.Searcher.Editor.csproj", "{7E03B47E-2F80-4C5E-69E2-03210F662EC0}"
EndProject
Project("{FAE04EC0-301F-11D3-BF4B-00C04F79EFBC}") = "Unity.Burst", "Unity.Burst.csproj", "{100FCC1C-8968-BBA2-231F-2BD498F39EC6}"
EndProject
Project("{FAE04EC0-301F-11D3-BF4B-00C04F79EFBC}") = "Assembly-CSharp-Editor", "Assembly-CSharp-Editor.csproj", "{158C6CB2-412B-09D7-4E9C-EEA217A7F96E}"
EndProject
Project("{FAE04EC0-301F-11D3-BF4B-00C04F79EFBC}") = "PsdPlugin", "PsdPlugin.csproj", "{7B6ED3F3-B4C1-74D2-59F7-1E307C2E2442}"
EndProject
Project("{FAE04EC0-301F-11D3-BF4B-00C04F79EFBC}") = "Unity.Collections", "Unity.Collections.csproj", "{F5AAA61A-027C-5D02-06EC-02DD4D9C8F6F}"
EndProject
Project("{FAE04EC0-301F-11D3-BF4B-00C04F79EFBC}") = "Unity.2D.Animation.Editor", "Unity.2D.Animation.Editor.csproj", "{448A35E8-BC41-0F3C-9220-431CFFD3A93E}"
EndProject
Project("{FAE04EC0-301F-11D3-BF4B-00C04F79EFBC}") = "Unity.2D.SpriteShape.Editor", "Unity.2D.SpriteShape.Editor.csproj", "{85B7B0FB-FC77-4E92-AD9F-73D4CD03CB1E}"
EndProject
Project("{FAE04EC0-301F-11D3-BF4B-00C04F79EFBC}") = "Unity.VisualStudio.Editor", "Unity.VisualStudio.Editor.csproj", "{7E0ABB9A-8FA4-1430-D78F-DFDBD75F5F80}"
EndProject
Project("{FAE04EC0-301F-11D3-BF4B-00C04F79EFBC}") = "PPv2URPConverters", "PPv2URPConverters.csproj", "{6592FA2A-A1F0-DBA1-FC61-A41AB345B0B7}"
EndProject
Project("{FAE04EC0-301F-11D3-BF4B-00C04F79EFBC}") = "Unity.Rider.Editor", "Unity.Rider.Editor.csproj", "{F926D414-ABE8-5F86-12EC-5FA15C6853F2}"
EndProject
Project("{FAE04EC0-301F-11D3-BF4B-00C04F79EFBC}") = "Unity.InternalAPIEditorBridge.001", "Unity.InternalAPIEditorBridge.001.csproj", "{93EDE8B0-1776-9C1A-AB37-7D6A13FBA7C7}"
EndProject
Project("{FAE04EC0-301F-11D3-BF4B-00C04F79EFBC}") = "Unity.2D.SpriteShape.Runtime", "Unity.2D.SpriteShape.Runtime.csproj", "{A0B205E7-AF85-8592-821A-F6B9489D1118}"
EndProject
Project("{FAE04EC0-301F-11D3-BF4B-00C04F79EFBC}") = "Unity.CollabProxy.Editor", "Unity.CollabProxy.Editor.csproj", "{3087069C-D9E7-CAD1-F243-0DB84D312A76}"
EndProject
Project("{FAE04EC0-301F-11D3-BF4B-00C04F79EFBC}") = "Unity.VisualScripting.State.Editor", "Unity.VisualScripting.State.Editor.csproj", "{156484F5-9785-3574-D72B-83E979481A97}"
EndProject
Project("{FAE04EC0-301F-11D3-BF4B-00C04F79EFBC}") = "UnityEngine.UI", "UnityEngine.UI.csproj", "{19BC226E-937A-5AC1-7D3B-DFF53A69D81D}"
EndProject
Project("{FAE04EC0-301F-11D3-BF4B-00C04F79EFBC}") = "Unity.Burst.CodeGen", "Unity.Burst.CodeGen.csproj", "{DE7206BF-661A-6490-DC78-0B9BC5CE3873}"
EndProject
Project("{FAE04EC0-301F-11D3-BF4B-00C04F79EFBC}") = "Unity.RenderPipeline.Universal.ShaderLibrary", "Unity.RenderPipeline.Universal.ShaderLibrary.csproj", "{69EAF970-FF47-7D9F-76F4-729447086530}"
EndProject
Project("{FAE04EC0-301F-11D3-BF4B-00C04F79EFBC}") = "Unity.VisualScripting.State", "Unity.VisualScripting.State.csproj", "{FC2DED92-4347-06F5-194F-A83A56E843B0}"
EndProject
Project("{FAE04EC0-301F-11D3-BF4B-00C04F79EFBC}") = "Unity.TextMeshPro", "Unity.TextMeshPro.csproj", "{12982917-D7C6-014D-99FD-FB4DAF316D31}"
EndProject
Project("{FAE04EC0-301F-11D3-BF4B-00C04F79EFBC}") = "Unity.2D.Tilemap.Extras.Editor", "Unity.2D.Tilemap.Extras.Editor.csproj", "{070873F1-A8F5-D81D-8E49-BCB5C71DE74A}"
EndProject
Project("{FAE04EC0-301F-11D3-BF4B-00C04F79EFBC}") = "Unity.2D.Animation.Runtime", "Unity.2D.Animation.Runtime.csproj", "{57549F3E-AAE6-2A04-3EBF-79CA6BF5DCCB}"
EndProject
Project("{FAE04EC0-301F-11D3-BF4B-00C04F79EFBC}") = "Unity.VisualScripting.SettingsProvider.Editor", "Unity.VisualScripting.SettingsProvider.Editor.csproj", "{81E6338D-1B84-5E83-BFDA-5D8F795B57D9}"
EndProject
Project("{FAE04EC0-301F-11D3-BF4B-00C04F79EFBC}") = "Unity.2D.IK.Editor", "Unity.2D.IK.Editor.csproj", "{B82F4B18-5E6E-5D39-0102-D0DEF7C0F7CD}"
EndProject
Project("{FAE04EC0-301F-11D3-BF4B-00C04F79EFBC}") = "Unity.InternalAPIEngineBridge.001", "Unity.InternalAPIEngineBridge.001.csproj", "{BA720812-F59E-E072-1D09-BCA92B86A3E7}"
EndProject
Project("{FAE04EC0-301F-11D3-BF4B-00C04F79EFBC}") = "Unity.2D.Aseprite.Common", "Unity.2D.Aseprite.Common.csproj", "{2D176C40-5B5C-FEA2-24A0-5A7F51FE0AE2}"
EndProject
Project("{FAE04EC0-301F-11D3-BF4B-00C04F79EFBC}") = "Unity.Burst.Editor", "Unity.Burst.Editor.csproj", "{2CD56D0E-0F6C-DB73-3A63-7233E1207857}"
EndProject
Project("{FAE04EC0-301F-11D3-BF4B-00C04F79EFBC}") = "Unity.2D.Common.Editor", "Unity.2D.Common.Editor.csproj", "{1B28E148-9A50-23A3-F881-5019D6217A26}"
EndProject
Project("{FAE04EC0-301F-11D3-BF4B-00C04F79EFBC}") = "Assembly-CSharp-firstpass", "Assembly-CSharp-firstpass.csproj", "{9CA646F0-903A-445B-F490-99492AB10AC9}"
EndProject
Project("{FAE04EC0-301F-11D3-BF4B-00C04F79EFBC}") = "Unity.RenderPipelines.Universal.2D.Internal", "Unity.RenderPipelines.Universal.2D.Internal.csproj", "{4E54F43A-27C5-49CB-8900-657C44147D69}"
EndProject
Project("{FAE04EC0-301F-11D3-BF4B-00C04F79EFBC}") = "Unity.2D.PixelPerfect", "Unity.2D.PixelPerfect.csproj", "{BF26EE1F-CB4F-6F19-276F-59EAD3257BF1}"
EndProject
Project("{FAE04EC0-301F-11D3-BF4B-00C04F79EFBC}") = "Unity.2D.PixelPerfect.Editor", "Unity.2D.PixelPerfect.Editor.csproj", "{A7430B03-D439-FE24-C505-809CA01FDC9F}"
EndProject
Project("{FAE04EC0-301F-11D3-BF4B-00C04F79EFBC}") = "Unity.2D.Common.Runtime", "Unity.2D.Common.Runtime.csproj", "{2DDADF6C-E3A3-299D-F20F-DFDEF849A3BB}"
EndProject
Project("{FAE04EC0-301F-11D3-BF4B-00C04F79EFBC}") = "Unity.2D.Sprite.Editor", "Unity.2D.Sprite.Editor.csproj", "{85EB246B-DC47-B00B-1273-1833BD00BFC6}"
EndProject
Project("{FAE04EC0-301F-11D3-BF4B-00C04F79EFBC}") = "Unity.Mathematics.Editor", "Unity.Mathematics.Editor.csproj", "{7D7434F9-F7CE-AEA5-507E-1EF2D2B7AA2E}"
EndProject
Project("{FAE04EC0-301F-11D3-BF4B-00C04F79EFBC}") = "Unity.2D.Tilemap.Extras", "Unity.2D.Tilemap.Extras.csproj", "{0B9254C5-12DD-9F56-17BE-C28FAC47088D}"
EndProject
Project("{FAE04EC0-301F-11D3-BF4B-00C04F79EFBC}") = "Unity.ShaderGraph.Utilities", "Unity.ShaderGraph.Utilities.csproj", "{2A4F0807-3434-409F-B38A-3429FB7D8547}"
EndProject
Project("{FAE04EC0-301F-11D3-BF4B-00C04F79EFBC}") = "Unity.VisualScripting.Shared.Editor", "Unity.VisualScripting.Shared.Editor.csproj", "{26318C27-B529-7D32-7DB5-8555B50C6722}"
EndProject
Project("{FAE04EC0-301F-11D3-BF4B-00C04F79EFBC}") = "Unity.Collections.DocCodeSamples", "Unity.Collections.DocCodeSamples.csproj", "{7218648E-85A4-1C1C-F123-24D5F08207B6}"
EndProject
Project("{FAE04EC0-301F-11D3-BF4B-00C04F79EFBC}") = "Unity.Collections.BurstCompatibilityGen", "Unity.Collections.BurstCompatibilityGen.csproj", "{9A7615FE-AD87-6362-884E-57DF27AC8BE7}"
EndProject
Project("{FAE04EC0-301F-11D3-BF4B-00C04F79EFBC}") = "Unity.RenderPipelines.Universal.Config.Runtime", "Unity.RenderPipelines.Universal.Config.Runtime.csproj", "{DCB0C9E4-C42D-C5D2-47E8-AB9E4B367746}"
EndProject
Project("{FAE04EC0-301F-11D3-BF4B-00C04F79EFBC}") = "Unity.RenderPipelines.ShaderGraph.ShaderGraphLibrary", "Unity.RenderPipelines.ShaderGraph.ShaderGraphLibrary.csproj", "{2819A2BD-560C-A92E-6D2A-4128F80E5B33}"
EndProject
Project("{FAE04EC0-301F-11D3-BF4B-00C04F79EFBC}") = "Unity.RenderPipelines.Core.ShaderLibrary", "Unity.RenderPipelines.Core.ShaderLibrary.csproj", "{E2EF2091-8C7C-4CFE-5FD1-D8157F5ACBE0}"
EndProject
Project("{FAE04EC0-301F-11D3-BF4B-00C04F79EFBC}") = "Unity.RenderPipelines.Universal.Shaders", "Unity.RenderPipelines.Universal.Shaders.csproj", "{76CF7FEE-0925-F3BB-6DC6-1EB235F66BB4}"
EndProject
Global
	GlobalSection(SolutionConfigurationPlatforms) = preSolution
		Debug|Any CPU = Debug|Any CPU
		Release|Any CPU = Release|Any CPU
	EndGlobalSection
	GlobalSection(ProjectConfigurationPlatforms) = postSolution
		{01B6A578-A2FD-BEB8-1A65-2873CD59C0AE}.Debug|Any CPU.ActiveCfg = Debug|Any CPU
		{01B6A578-A2FD-BEB8-1A65-2873CD59C0AE}.Debug|Any CPU.Build.0 = Debug|Any CPU
		{01B6A578-A2FD-BEB8-1A65-2873CD59C0AE}.Release|Any CPU.ActiveCfg = Release|Any CPU
		{01B6A578-A2FD-BEB8-1A65-2873CD59C0AE}.Release|Any CPU.Build.0 = Release|Any CPU
		{3AB46E55-6215-C44E-A411-F3373D87A9A6}.Debug|Any CPU.ActiveCfg = Debug|Any CPU
		{3AB46E55-6215-C44E-A411-F3373D87A9A6}.Debug|Any CPU.Build.0 = Debug|Any CPU
		{3AB46E55-6215-C44E-A411-F3373D87A9A6}.Release|Any CPU.ActiveCfg = Release|Any CPU
		{3AB46E55-6215-C44E-A411-F3373D87A9A6}.Release|Any CPU.Build.0 = Release|Any CPU
		{978366A8-17C7-0807-CD56-E729629A2C5F}.Debug|Any CPU.ActiveCfg = Debug|Any CPU
		{978366A8-17C7-0807-CD56-E729629A2C5F}.Debug|Any CPU.Build.0 = Debug|Any CPU
		{978366A8-17C7-0807-CD56-E729629A2C5F}.Release|Any CPU.ActiveCfg = Release|Any CPU
		{978366A8-17C7-0807-CD56-E729629A2C5F}.Release|Any CPU.Build.0 = Release|Any CPU
		{5EE77D80-18C8-154B-FE74-C898D3F10744}.Debug|Any CPU.ActiveCfg = Debug|Any CPU
		{5EE77D80-18C8-154B-FE74-C898D3F10744}.Debug|Any CPU.Build.0 = Debug|Any CPU
		{5EE77D80-18C8-154B-FE74-C898D3F10744}.Release|Any CPU.ActiveCfg = Release|Any CPU
		{5EE77D80-18C8-154B-FE74-C898D3F10744}.Release|Any CPU.Build.0 = Release|Any CPU
		{4EBAD359-87D9-D7DF-097C-21DE3DDF183F}.Debug|Any CPU.ActiveCfg = Debug|Any CPU
		{4EBAD359-87D9-D7DF-097C-21DE3DDF183F}.Debug|Any CPU.Build.0 = Debug|Any CPU
		{4EBAD359-87D9-D7DF-097C-21DE3DDF183F}.Release|Any CPU.ActiveCfg = Release|Any CPU
		{4EBAD359-87D9-D7DF-097C-21DE3DDF183F}.Release|Any CPU.Build.0 = Release|Any CPU
		{6214B5B9-A6AA-C901-EB9A-A9E136549871}.Debug|Any CPU.ActiveCfg = Debug|Any CPU
		{6214B5B9-A6AA-C901-EB9A-A9E136549871}.Debug|Any CPU.Build.0 = Debug|Any CPU
		{6214B5B9-A6AA-C901-EB9A-A9E136549871}.Release|Any CPU.ActiveCfg = Release|Any CPU
		{6214B5B9-A6AA-C901-EB9A-A9E136549871}.Release|Any CPU.Build.0 = Release|Any CPU
		{FE83B414-5E4B-5D75-00B9-D9D0D602B71F}.Debug|Any CPU.ActiveCfg = Debug|Any CPU
		{FE83B414-5E4B-5D75-00B9-D9D0D602B71F}.Debug|Any CPU.Build.0 = Debug|Any CPU
		{FE83B414-5E4B-5D75-00B9-D9D0D602B71F}.Release|Any CPU.ActiveCfg = Release|Any CPU
		{FE83B414-5E4B-5D75-00B9-D9D0D602B71F}.Release|Any CPU.Build.0 = Release|Any CPU
		{94DE70D1-82A1-5886-99A4-5B8B5408D435}.Debug|Any CPU.ActiveCfg = Debug|Any CPU
		{94DE70D1-82A1-5886-99A4-5B8B5408D435}.Debug|Any CPU.Build.0 = Debug|Any CPU
		{94DE70D1-82A1-5886-99A4-5B8B5408D435}.Release|Any CPU.ActiveCfg = Release|Any CPU
		{94DE70D1-82A1-5886-99A4-5B8B5408D435}.Release|Any CPU.Build.0 = Release|Any CPU
		{058B8170-E594-48C7-F02C-5D15FAA613CA}.Debug|Any CPU.ActiveCfg = Debug|Any CPU
		{058B8170-E594-48C7-F02C-5D15FAA613CA}.Debug|Any CPU.Build.0 = Debug|Any CPU
		{058B8170-E594-48C7-F02C-5D15FAA613CA}.Release|Any CPU.ActiveCfg = Release|Any CPU
		{058B8170-E594-48C7-F02C-5D15FAA613CA}.Release|Any CPU.Build.0 = Release|Any CPU
		{CC5F55E9-20F3-F215-0CF3-4EA3D617CAC0}.Debug|Any CPU.ActiveCfg = Debug|Any CPU
		{CC5F55E9-20F3-F215-0CF3-4EA3D617CAC0}.Debug|Any CPU.Build.0 = Debug|Any CPU
		{CC5F55E9-20F3-F215-0CF3-4EA3D617CAC0}.Release|Any CPU.ActiveCfg = Release|Any CPU
		{CC5F55E9-20F3-F215-0CF3-4EA3D617CAC0}.Release|Any CPU.Build.0 = Release|Any CPU
		{4C500588-9A9F-0DAA-C167-AB4A845A2C52}.Debug|Any CPU.ActiveCfg = Debug|Any CPU
		{4C500588-9A9F-0DAA-C167-AB4A845A2C52}.Debug|Any CPU.Build.0 = Debug|Any CPU
		{4C500588-9A9F-0DAA-C167-AB4A845A2C52}.Release|Any CPU.ActiveCfg = Release|Any CPU
		{4C500588-9A9F-0DAA-C167-AB4A845A2C52}.Release|Any CPU.Build.0 = Release|Any CPU
		{9C6E785E-99BD-E796-DB2A-FD66D9343BF7}.Debug|Any CPU.ActiveCfg = Debug|Any CPU
		{9C6E785E-99BD-E796-DB2A-FD66D9343BF7}.Debug|Any CPU.Build.0 = Debug|Any CPU
		{9C6E785E-99BD-E796-DB2A-FD66D9343BF7}.Release|Any CPU.ActiveCfg = Release|Any CPU
		{9C6E785E-99BD-E796-DB2A-FD66D9343BF7}.Release|Any CPU.Build.0 = Release|Any CPU
		{871B0B72-2292-183D-184D-F6E836BCDF07}.Debug|Any CPU.ActiveCfg = Debug|Any CPU
		{871B0B72-2292-183D-184D-F6E836BCDF07}.Debug|Any CPU.Build.0 = Debug|Any CPU
		{871B0B72-2292-183D-184D-F6E836BCDF07}.Release|Any CPU.ActiveCfg = Release|Any CPU
		{871B0B72-2292-183D-184D-F6E836BCDF07}.Release|Any CPU.Build.0 = Release|Any CPU
		{BD261755-1B34-0F18-5491-D7360E6E69DF}.Debug|Any CPU.ActiveCfg = Debug|Any CPU
		{BD261755-1B34-0F18-5491-D7360E6E69DF}.Debug|Any CPU.Build.0 = Debug|Any CPU
		{BD261755-1B34-0F18-5491-D7360E6E69DF}.Release|Any CPU.ActiveCfg = Release|Any CPU
		{BD261755-1B34-0F18-5491-D7360E6E69DF}.Release|Any CPU.Build.0 = Release|Any CPU
		{40C5362C-3268-9C0D-88F7-BB2726FE5813}.Debug|Any CPU.ActiveCfg = Debug|Any CPU
		{40C5362C-3268-9C0D-88F7-BB2726FE5813}.Debug|Any CPU.Build.0 = Debug|Any CPU
		{40C5362C-3268-9C0D-88F7-BB2726FE5813}.Release|Any CPU.ActiveCfg = Release|Any CPU
		{40C5362C-3268-9C0D-88F7-BB2726FE5813}.Release|Any CPU.Build.0 = Release|Any CPU
		{803BA18E-4039-921B-54CB-4633B7F67E22}.Debug|Any CPU.ActiveCfg = Debug|Any CPU
		{803BA18E-4039-921B-54CB-4633B7F67E22}.Debug|Any CPU.Build.0 = Debug|Any CPU
		{803BA18E-4039-921B-54CB-4633B7F67E22}.Release|Any CPU.ActiveCfg = Release|Any CPU
		{803BA18E-4039-921B-54CB-4633B7F67E22}.Release|Any CPU.Build.0 = Release|Any CPU
		{8864152F-A0FD-7452-4BF6-BB54B6F3D34F}.Debug|Any CPU.ActiveCfg = Debug|Any CPU
		{8864152F-A0FD-7452-4BF6-BB54B6F3D34F}.Debug|Any CPU.Build.0 = Debug|Any CPU
		{8864152F-A0FD-7452-4BF6-BB54B6F3D34F}.Release|Any CPU.ActiveCfg = Release|Any CPU
		{8864152F-A0FD-7452-4BF6-BB54B6F3D34F}.Release|Any CPU.Build.0 = Release|Any CPU
		{FA26F0A6-49E5-B784-9D51-17EBD34CDAD4}.Debug|Any CPU.ActiveCfg = Debug|Any CPU
		{FA26F0A6-49E5-B784-9D51-17EBD34CDAD4}.Debug|Any CPU.Build.0 = Debug|Any CPU
		{FA26F0A6-49E5-B784-9D51-17EBD34CDAD4}.Release|Any CPU.ActiveCfg = Release|Any CPU
		{FA26F0A6-49E5-B784-9D51-17EBD34CDAD4}.Release|Any CPU.Build.0 = Release|Any CPU
		{52CF507F-1305-71EB-B433-19CFFA856A61}.Debug|Any CPU.ActiveCfg = Debug|Any CPU
		{52CF507F-1305-71EB-B433-19CFFA856A61}.Debug|Any CPU.Build.0 = Debug|Any CPU
		{52CF507F-1305-71EB-B433-19CFFA856A61}.Release|Any CPU.ActiveCfg = Release|Any CPU
		{52CF507F-1305-71EB-B433-19CFFA856A61}.Release|Any CPU.Build.0 = Release|Any CPU
		{4CB15776-087C-E277-8DB7-CB7E285C1DC6}.Debug|Any CPU.ActiveCfg = Debug|Any CPU
		{4CB15776-087C-E277-8DB7-CB7E285C1DC6}.Debug|Any CPU.Build.0 = Debug|Any CPU
		{4CB15776-087C-E277-8DB7-CB7E285C1DC6}.Release|Any CPU.ActiveCfg = Release|Any CPU
		{4CB15776-087C-E277-8DB7-CB7E285C1DC6}.Release|Any CPU.Build.0 = Release|Any CPU
		{F04E63C7-0507-5F61-32BC-4F81BE530081}.Debug|Any CPU.ActiveCfg = Debug|Any CPU
		{F04E63C7-0507-5F61-32BC-4F81BE530081}.Debug|Any CPU.Build.0 = Debug|Any CPU
		{F04E63C7-0507-5F61-32BC-4F81BE530081}.Release|Any CPU.ActiveCfg = Release|Any CPU
		{F04E63C7-0507-5F61-32BC-4F81BE530081}.Release|Any CPU.Build.0 = Release|Any CPU
		{9470840E-D2EB-2852-3AEC-FDBABB61658F}.Debug|Any CPU.ActiveCfg = Debug|Any CPU
		{9470840E-D2EB-2852-3AEC-FDBABB61658F}.Debug|Any CPU.Build.0 = Debug|Any CPU
		{9470840E-D2EB-2852-3AEC-FDBABB61658F}.Release|Any CPU.ActiveCfg = Release|Any CPU
		{9470840E-D2EB-2852-3AEC-FDBABB61658F}.Release|Any CPU.Build.0 = Release|Any CPU
		{F8619C49-67D6-4063-DB57-FCE73D2D3129}.Debug|Any CPU.ActiveCfg = Debug|Any CPU
		{F8619C49-67D6-4063-DB57-FCE73D2D3129}.Debug|Any CPU.Build.0 = Debug|Any CPU
		{F8619C49-67D6-4063-DB57-FCE73D2D3129}.Release|Any CPU.ActiveCfg = Release|Any CPU
		{F8619C49-67D6-4063-DB57-FCE73D2D3129}.Release|Any CPU.Build.0 = Release|Any CPU
		{62E49BF1-0403-58B9-50F6-BBF69B086CC6}.Debug|Any CPU.ActiveCfg = Debug|Any CPU
		{62E49BF1-0403-58B9-50F6-BBF69B086CC6}.Debug|Any CPU.Build.0 = Debug|Any CPU
		{62E49BF1-0403-58B9-50F6-BBF69B086CC6}.Release|Any CPU.ActiveCfg = Release|Any CPU
		{62E49BF1-0403-58B9-50F6-BBF69B086CC6}.Release|Any CPU.Build.0 = Release|Any CPU
		{7E03B47E-2F80-4C5E-69E2-03210F662EC0}.Debug|Any CPU.ActiveCfg = Debug|Any CPU
		{7E03B47E-2F80-4C5E-69E2-03210F662EC0}.Debug|Any CPU.Build.0 = Debug|Any CPU
		{7E03B47E-2F80-4C5E-69E2-03210F662EC0}.Release|Any CPU.ActiveCfg = Release|Any CPU
		{7E03B47E-2F80-4C5E-69E2-03210F662EC0}.Release|Any CPU.Build.0 = Release|Any CPU
		{100FCC1C-8968-BBA2-231F-2BD498F39EC6}.Debug|Any CPU.ActiveCfg = Debug|Any CPU
		{100FCC1C-8968-BBA2-231F-2BD498F39EC6}.Debug|Any CPU.Build.0 = Debug|Any CPU
		{100FCC1C-8968-BBA2-231F-2BD498F39EC6}.Release|Any CPU.ActiveCfg = Release|Any CPU
		{100FCC1C-8968-BBA2-231F-2BD498F39EC6}.Release|Any CPU.Build.0 = Release|Any CPU
		{158C6CB2-412B-09D7-4E9C-EEA217A7F96E}.Debug|Any CPU.ActiveCfg = Debug|Any CPU
		{158C6CB2-412B-09D7-4E9C-EEA217A7F96E}.Debug|Any CPU.Build.0 = Debug|Any CPU
		{158C6CB2-412B-09D7-4E9C-EEA217A7F96E}.Release|Any CPU.ActiveCfg = Release|Any CPU
		{158C6CB2-412B-09D7-4E9C-EEA217A7F96E}.Release|Any CPU.Build.0 = Release|Any CPU
		{7B6ED3F3-B4C1-74D2-59F7-1E307C2E2442}.Debug|Any CPU.ActiveCfg = Debug|Any CPU
		{7B6ED3F3-B4C1-74D2-59F7-1E307C2E2442}.Debug|Any CPU.Build.0 = Debug|Any CPU
		{7B6ED3F3-B4C1-74D2-59F7-1E307C2E2442}.Release|Any CPU.ActiveCfg = Release|Any CPU
		{7B6ED3F3-B4C1-74D2-59F7-1E307C2E2442}.Release|Any CPU.Build.0 = Release|Any CPU
		{F5AAA61A-027C-5D02-06EC-02DD4D9C8F6F}.Debug|Any CPU.ActiveCfg = Debug|Any CPU
		{F5AAA61A-027C-5D02-06EC-02DD4D9C8F6F}.Debug|Any CPU.Build.0 = Debug|Any CPU
		{F5AAA61A-027C-5D02-06EC-02DD4D9C8F6F}.Release|Any CPU.ActiveCfg = Release|Any CPU
		{F5AAA61A-027C-5D02-06EC-02DD4D9C8F6F}.Release|Any CPU.Build.0 = Release|Any CPU
		{448A35E8-BC41-0F3C-9220-431CFFD3A93E}.Debug|Any CPU.ActiveCfg = Debug|Any CPU
		{448A35E8-BC41-0F3C-9220-431CFFD3A93E}.Debug|Any CPU.Build.0 = Debug|Any CPU
		{448A35E8-BC41-0F3C-9220-431CFFD3A93E}.Release|Any CPU.ActiveCfg = Release|Any CPU
		{448A35E8-BC41-0F3C-9220-431CFFD3A93E}.Release|Any CPU.Build.0 = Release|Any CPU
		{85B7B0FB-FC77-4E92-AD9F-73D4CD03CB1E}.Debug|Any CPU.ActiveCfg = Debug|Any CPU
		{85B7B0FB-FC77-4E92-AD9F-73D4CD03CB1E}.Debug|Any CPU.Build.0 = Debug|Any CPU
		{85B7B0FB-FC77-4E92-AD9F-73D4CD03CB1E}.Release|Any CPU.ActiveCfg = Release|Any CPU
		{85B7B0FB-FC77-4E92-AD9F-73D4CD03CB1E}.Release|Any CPU.Build.0 = Release|Any CPU
		{7E0ABB9A-8FA4-1430-D78F-DFDBD75F5F80}.Debug|Any CPU.ActiveCfg = Debug|Any CPU
		{7E0ABB9A-8FA4-1430-D78F-DFDBD75F5F80}.Debug|Any CPU.Build.0 = Debug|Any CPU
		{7E0ABB9A-8FA4-1430-D78F-DFDBD75F5F80}.Release|Any CPU.ActiveCfg = Release|Any CPU
		{7E0ABB9A-8FA4-1430-D78F-DFDBD75F5F80}.Release|Any CPU.Build.0 = Release|Any CPU
		{6592FA2A-A1F0-DBA1-FC61-A41AB345B0B7}.Debug|Any CPU.ActiveCfg = Debug|Any CPU
		{6592FA2A-A1F0-DBA1-FC61-A41AB345B0B7}.Debug|Any CPU.Build.0 = Debug|Any CPU
		{6592FA2A-A1F0-DBA1-FC61-A41AB345B0B7}.Release|Any CPU.ActiveCfg = Release|Any CPU
		{6592FA2A-A1F0-DBA1-FC61-A41AB345B0B7}.Release|Any CPU.Build.0 = Release|Any CPU
		{F926D414-ABE8-5F86-12EC-5FA15C6853F2}.Debug|Any CPU.ActiveCfg = Debug|Any CPU
		{F926D414-ABE8-5F86-12EC-5FA15C6853F2}.Debug|Any CPU.Build.0 = Debug|Any CPU
		{F926D414-ABE8-5F86-12EC-5FA15C6853F2}.Release|Any CPU.ActiveCfg = Release|Any CPU
		{F926D414-ABE8-5F86-12EC-5FA15C6853F2}.Release|Any CPU.Build.0 = Release|Any CPU
		{93EDE8B0-1776-9C1A-AB37-7D6A13FBA7C7}.Debug|Any CPU.ActiveCfg = Debug|Any CPU
		{93EDE8B0-1776-9C1A-AB37-7D6A13FBA7C7}.Debug|Any CPU.Build.0 = Debug|Any CPU
		{93EDE8B0-1776-9C1A-AB37-7D6A13FBA7C7}.Release|Any CPU.ActiveCfg = Release|Any CPU
		{93EDE8B0-1776-9C1A-AB37-7D6A13FBA7C7}.Release|Any CPU.Build.0 = Release|Any CPU
		{A0B205E7-AF85-8592-821A-F6B9489D1118}.Debug|Any CPU.ActiveCfg = Debug|Any CPU
		{A0B205E7-AF85-8592-821A-F6B9489D1118}.Debug|Any CPU.Build.0 = Debug|Any CPU
		{A0B205E7-AF85-8592-821A-F6B9489D1118}.Release|Any CPU.ActiveCfg = Release|Any CPU
		{A0B205E7-AF85-8592-821A-F6B9489D1118}.Release|Any CPU.Build.0 = Release|Any CPU
		{3087069C-D9E7-CAD1-F243-0DB84D312A76}.Debug|Any CPU.ActiveCfg = Debug|Any CPU
		{3087069C-D9E7-CAD1-F243-0DB84D312A76}.Debug|Any CPU.Build.0 = Debug|Any CPU
		{3087069C-D9E7-CAD1-F243-0DB84D312A76}.Release|Any CPU.ActiveCfg = Release|Any CPU
		{3087069C-D9E7-CAD1-F243-0DB84D312A76}.Release|Any CPU.Build.0 = Release|Any CPU
		{156484F5-9785-3574-D72B-83E979481A97}.Debug|Any CPU.ActiveCfg = Debug|Any CPU
		{156484F5-9785-3574-D72B-83E979481A97}.Debug|Any CPU.Build.0 = Debug|Any CPU
		{156484F5-9785-3574-D72B-83E979481A97}.Release|Any CPU.ActiveCfg = Release|Any CPU
		{156484F5-9785-3574-D72B-83E979481A97}.Release|Any CPU.Build.0 = Release|Any CPU
		{19BC226E-937A-5AC1-7D3B-DFF53A69D81D}.Debug|Any CPU.ActiveCfg = Debug|Any CPU
		{19BC226E-937A-5AC1-7D3B-DFF53A69D81D}.Debug|Any CPU.Build.0 = Debug|Any CPU
		{19BC226E-937A-5AC1-7D3B-DFF53A69D81D}.Release|Any CPU.ActiveCfg = Release|Any CPU
		{19BC226E-937A-5AC1-7D3B-DFF53A69D81D}.Release|Any CPU.Build.0 = Release|Any CPU
		{DE7206BF-661A-6490-DC78-0B9BC5CE3873}.Debug|Any CPU.ActiveCfg = Debug|Any CPU
		{DE7206BF-661A-6490-DC78-0B9BC5CE3873}.Debug|Any CPU.Build.0 = Debug|Any CPU
		{DE7206BF-661A-6490-DC78-0B9BC5CE3873}.Release|Any CPU.ActiveCfg = Release|Any CPU
		{DE7206BF-661A-6490-DC78-0B9BC5CE3873}.Release|Any CPU.Build.0 = Release|Any CPU
		{69EAF970-FF47-7D9F-76F4-729447086530}.Debug|Any CPU.ActiveCfg = Debug|Any CPU
		{69EAF970-FF47-7D9F-76F4-729447086530}.Debug|Any CPU.Build.0 = Debug|Any CPU
		{69EAF970-FF47-7D9F-76F4-729447086530}.Release|Any CPU.ActiveCfg = Release|Any CPU
		{69EAF970-FF47-7D9F-76F4-729447086530}.Release|Any CPU.Build.0 = Release|Any CPU
		{FC2DED92-4347-06F5-194F-A83A56E843B0}.Debug|Any CPU.ActiveCfg = Debug|Any CPU
		{FC2DED92-4347-06F5-194F-A83A56E843B0}.Debug|Any CPU.Build.0 = Debug|Any CPU
		{FC2DED92-4347-06F5-194F-A83A56E843B0}.Release|Any CPU.ActiveCfg = Release|Any CPU
		{FC2DED92-4347-06F5-194F-A83A56E843B0}.Release|Any CPU.Build.0 = Release|Any CPU
		{12982917-D7C6-014D-99FD-FB4DAF316D31}.Debug|Any CPU.ActiveCfg = Debug|Any CPU
		{12982917-D7C6-014D-99FD-FB4DAF316D31}.Debug|Any CPU.Build.0 = Debug|Any CPU
		{12982917-D7C6-014D-99FD-FB4DAF316D31}.Release|Any CPU.ActiveCfg = Release|Any CPU
		{12982917-D7C6-014D-99FD-FB4DAF316D31}.Release|Any CPU.Build.0 = Release|Any CPU
		{070873F1-A8F5-D81D-8E49-BCB5C71DE74A}.Debug|Any CPU.ActiveCfg = Debug|Any CPU
		{070873F1-A8F5-D81D-8E49-BCB5C71DE74A}.Debug|Any CPU.Build.0 = Debug|Any CPU
		{070873F1-A8F5-D81D-8E49-BCB5C71DE74A}.Release|Any CPU.ActiveCfg = Release|Any CPU
		{070873F1-A8F5-D81D-8E49-BCB5C71DE74A}.Release|Any CPU.Build.0 = Release|Any CPU
		{57549F3E-AAE6-2A04-3EBF-79CA6BF5DCCB}.Debug|Any CPU.ActiveCfg = Debug|Any CPU
		{57549F3E-AAE6-2A04-3EBF-79CA6BF5DCCB}.Debug|Any CPU.Build.0 = Debug|Any CPU
		{57549F3E-AAE6-2A04-3EBF-79CA6BF5DCCB}.Release|Any CPU.ActiveCfg = Release|Any CPU
		{57549F3E-AAE6-2A04-3EBF-79CA6BF5DCCB}.Release|Any CPU.Build.0 = Release|Any CPU
		{81E6338D-1B84-5E83-BFDA-5D8F795B57D9}.Debug|Any CPU.ActiveCfg = Debug|Any CPU
		{81E6338D-1B84-5E83-BFDA-5D8F795B57D9}.Debug|Any CPU.Build.0 = Debug|Any CPU
		{81E6338D-1B84-5E83-BFDA-5D8F795B57D9}.Release|Any CPU.ActiveCfg = Release|Any CPU
		{81E6338D-1B84-5E83-BFDA-5D8F795B57D9}.Release|Any CPU.Build.0 = Release|Any CPU
		{B82F4B18-5E6E-5D39-0102-D0DEF7C0F7CD}.Debug|Any CPU.ActiveCfg = Debug|Any CPU
		{B82F4B18-5E6E-5D39-0102-D0DEF7C0F7CD}.Debug|Any CPU.Build.0 = Debug|Any CPU
		{B82F4B18-5E6E-5D39-0102-D0DEF7C0F7CD}.Release|Any CPU.ActiveCfg = Release|Any CPU
		{B82F4B18-5E6E-5D39-0102-D0DEF7C0F7CD}.Release|Any CPU.Build.0 = Release|Any CPU
		{BA720812-F59E-E072-1D09-BCA92B86A3E7}.Debug|Any CPU.ActiveCfg = Debug|Any CPU
		{BA720812-F59E-E072-1D09-BCA92B86A3E7}.Debug|Any CPU.Build.0 = Debug|Any CPU
		{BA720812-F59E-E072-1D09-BCA92B86A3E7}.Release|Any CPU.ActiveCfg = Release|Any CPU
		{BA720812-F59E-E072-1D09-BCA92B86A3E7}.Release|Any CPU.Build.0 = Release|Any CPU
		{2D176C40-5B5C-FEA2-24A0-5A7F51FE0AE2}.Debug|Any CPU.ActiveCfg = Debug|Any CPU
		{2D176C40-5B5C-FEA2-24A0-5A7F51FE0AE2}.Debug|Any CPU.Build.0 = Debug|Any CPU
		{2D176C40-5B5C-FEA2-24A0-5A7F51FE0AE2}.Release|Any CPU.ActiveCfg = Release|Any CPU
		{2D176C40-5B5C-FEA2-24A0-5A7F51FE0AE2}.Release|Any CPU.Build.0 = Release|Any CPU
		{2CD56D0E-0F6C-DB73-3A63-7233E1207857}.Debug|Any CPU.ActiveCfg = Debug|Any CPU
		{2CD56D0E-0F6C-DB73-3A63-7233E1207857}.Debug|Any CPU.Build.0 = Debug|Any CPU
		{2CD56D0E-0F6C-DB73-3A63-7233E1207857}.Release|Any CPU.ActiveCfg = Release|Any CPU
		{2CD56D0E-0F6C-DB73-3A63-7233E1207857}.Release|Any CPU.Build.0 = Release|Any CPU
		{1B28E148-9A50-23A3-F881-5019D6217A26}.Debug|Any CPU.ActiveCfg = Debug|Any CPU
		{1B28E148-9A50-23A3-F881-5019D6217A26}.Debug|Any CPU.Build.0 = Debug|Any CPU
		{1B28E148-9A50-23A3-F881-5019D6217A26}.Release|Any CPU.ActiveCfg = Release|Any CPU
		{1B28E148-9A50-23A3-F881-5019D6217A26}.Release|Any CPU.Build.0 = Release|Any CPU
		{9CA646F0-903A-445B-F490-99492AB10AC9}.Debug|Any CPU.ActiveCfg = Debug|Any CPU
		{9CA646F0-903A-445B-F490-99492AB10AC9}.Debug|Any CPU.Build.0 = Debug|Any CPU
		{9CA646F0-903A-445B-F490-99492AB10AC9}.Release|Any CPU.ActiveCfg = Release|Any CPU
		{9CA646F0-903A-445B-F490-99492AB10AC9}.Release|Any CPU.Build.0 = Release|Any CPU
		{4E54F43A-27C5-49CB-8900-657C44147D69}.Debug|Any CPU.ActiveCfg = Debug|Any CPU
		{4E54F43A-27C5-49CB-8900-657C44147D69}.Debug|Any CPU.Build.0 = Debug|Any CPU
		{4E54F43A-27C5-49CB-8900-657C44147D69}.Release|Any CPU.ActiveCfg = Release|Any CPU
		{4E54F43A-27C5-49CB-8900-657C44147D69}.Release|Any CPU.Build.0 = Release|Any CPU
		{BF26EE1F-CB4F-6F19-276F-59EAD3257BF1}.Debug|Any CPU.ActiveCfg = Debug|Any CPU
		{BF26EE1F-CB4F-6F19-276F-59EAD3257BF1}.Debug|Any CPU.Build.0 = Debug|Any CPU
		{BF26EE1F-CB4F-6F19-276F-59EAD3257BF1}.Release|Any CPU.ActiveCfg = Release|Any CPU
		{BF26EE1F-CB4F-6F19-276F-59EAD3257BF1}.Release|Any CPU.Build.0 = Release|Any CPU
		{A7430B03-D439-FE24-C505-809CA01FDC9F}.Debug|Any CPU.ActiveCfg = Debug|Any CPU
		{A7430B03-D439-FE24-C505-809CA01FDC9F}.Debug|Any CPU.Build.0 = Debug|Any CPU
		{A7430B03-D439-FE24-C505-809CA01FDC9F}.Release|Any CPU.ActiveCfg = Release|Any CPU
		{A7430B03-D439-FE24-C505-809CA01FDC9F}.Release|Any CPU.Build.0 = Release|Any CPU
		{2DDADF6C-E3A3-299D-F20F-DFDEF849A3BB}.Debug|Any CPU.ActiveCfg = Debug|Any CPU
		{2DDADF6C-E3A3-299D-F20F-DFDEF849A3BB}.Debug|Any CPU.Build.0 = Debug|Any CPU
		{2DDADF6C-E3A3-299D-F20F-DFDEF849A3BB}.Release|Any CPU.ActiveCfg = Release|Any CPU
		{2DDADF6C-E3A3-299D-F20F-DFDEF849A3BB}.Release|Any CPU.Build.0 = Release|Any CPU
		{85EB246B-DC47-B00B-1273-1833BD00BFC6}.Debug|Any CPU.ActiveCfg = Debug|Any CPU
		{85EB246B-DC47-B00B-1273-1833BD00BFC6}.Debug|Any CPU.Build.0 = Debug|Any CPU
		{85EB246B-DC47-B00B-1273-1833BD00BFC6}.Release|Any CPU.ActiveCfg = Release|Any CPU
		{85EB246B-DC47-B00B-1273-1833BD00BFC6}.Release|Any CPU.Build.0 = Release|Any CPU
		{7D7434F9-F7CE-AEA5-507E-1EF2D2B7AA2E}.Debug|Any CPU.ActiveCfg = Debug|Any CPU
		{7D7434F9-F7CE-AEA5-507E-1EF2D2B7AA2E}.Debug|Any CPU.Build.0 = Debug|Any CPU
		{7D7434F9-F7CE-AEA5-507E-1EF2D2B7AA2E}.Release|Any CPU.ActiveCfg = Release|Any CPU
		{7D7434F9-F7CE-AEA5-507E-1EF2D2B7AA2E}.Release|Any CPU.Build.0 = Release|Any CPU
		{0B9254C5-12DD-9F56-17BE-C28FAC47088D}.Debug|Any CPU.ActiveCfg = Debug|Any CPU
		{0B9254C5-12DD-9F56-17BE-C28FAC47088D}.Debug|Any CPU.Build.0 = Debug|Any CPU
		{0B9254C5-12DD-9F56-17BE-C28FAC47088D}.Release|Any CPU.ActiveCfg = Release|Any CPU
		{0B9254C5-12DD-9F56-17BE-C28FAC47088D}.Release|Any CPU.Build.0 = Release|Any CPU
		{2A4F0807-3434-409F-B38A-3429FB7D8547}.Debug|Any CPU.ActiveCfg = Debug|Any CPU
		{2A4F0807-3434-409F-B38A-3429FB7D8547}.Debug|Any CPU.Build.0 = Debug|Any CPU
		{2A4F0807-3434-409F-B38A-3429FB7D8547}.Release|Any CPU.ActiveCfg = Release|Any CPU
		{2A4F0807-3434-409F-B38A-3429FB7D8547}.Release|Any CPU.Build.0 = Release|Any CPU
		{26318C27-B529-7D32-7DB5-8555B50C6722}.Debug|Any CPU.ActiveCfg = Debug|Any CPU
		{26318C27-B529-7D32-7DB5-8555B50C6722}.Debug|Any CPU.Build.0 = Debug|Any CPU
		{26318C27-B529-7D32-7DB5-8555B50C6722}.Release|Any CPU.ActiveCfg = Release|Any CPU
		{26318C27-B529-7D32-7DB5-8555B50C6722}.Release|Any CPU.Build.0 = Release|Any CPU
		{7218648E-85A4-1C1C-F123-24D5F08207B6}.Debug|Any CPU.ActiveCfg = Debug|Any CPU
		{7218648E-85A4-1C1C-F123-24D5F08207B6}.Debug|Any CPU.Build.0 = Debug|Any CPU
		{7218648E-85A4-1C1C-F123-24D5F08207B6}.Release|Any CPU.ActiveCfg = Release|Any CPU
		{7218648E-85A4-1C1C-F123-24D5F08207B6}.Release|Any CPU.Build.0 = Release|Any CPU
		{9A7615FE-AD87-6362-884E-57DF27AC8BE7}.Debug|Any CPU.ActiveCfg = Debug|Any CPU
		{9A7615FE-AD87-6362-884E-57DF27AC8BE7}.Debug|Any CPU.Build.0 = Debug|Any CPU
		{9A7615FE-AD87-6362-884E-57DF27AC8BE7}.Release|Any CPU.ActiveCfg = Release|Any CPU
		{9A7615FE-AD87-6362-884E-57DF27AC8BE7}.Release|Any CPU.Build.0 = Release|Any CPU
		{DCB0C9E4-C42D-C5D2-47E8-AB9E4B367746}.Debug|Any CPU.ActiveCfg = Debug|Any CPU
		{DCB0C9E4-C42D-C5D2-47E8-AB9E4B367746}.Debug|Any CPU.Build.0 = Debug|Any CPU
		{DCB0C9E4-C42D-C5D2-47E8-AB9E4B367746}.Release|Any CPU.ActiveCfg = Release|Any CPU
		{DCB0C9E4-C42D-C5D2-47E8-AB9E4B367746}.Release|Any CPU.Build.0 = Release|Any CPU
		{2819A2BD-560C-A92E-6D2A-4128F80E5B33}.Debug|Any CPU.ActiveCfg = Debug|Any CPU
		{2819A2BD-560C-A92E-6D2A-4128F80E5B33}.Debug|Any CPU.Build.0 = Debug|Any CPU
		{2819A2BD-560C-A92E-6D2A-4128F80E5B33}.Release|Any CPU.ActiveCfg = Release|Any CPU
		{2819A2BD-560C-A92E-6D2A-4128F80E5B33}.Release|Any CPU.Build.0 = Release|Any CPU
		{E2EF2091-8C7C-4CFE-5FD1-D8157F5ACBE0}.Debug|Any CPU.ActiveCfg = Debug|Any CPU
		{E2EF2091-8C7C-4CFE-5FD1-D8157F5ACBE0}.Debug|Any CPU.Build.0 = Debug|Any CPU
		{E2EF2091-8C7C-4CFE-5FD1-D8157F5ACBE0}.Release|Any CPU.ActiveCfg = Release|Any CPU
		{E2EF2091-8C7C-4CFE-5FD1-D8157F5ACBE0}.Release|Any CPU.Build.0 = Release|Any CPU
		{76CF7FEE-0925-F3BB-6DC6-1EB235F66BB4}.Debug|Any CPU.ActiveCfg = Debug|Any CPU
		{76CF7FEE-0925-F3BB-6DC6-1EB235F66BB4}.Debug|Any CPU.Build.0 = Debug|Any CPU
		{76CF7FEE-0925-F3BB-6DC6-1EB235F66BB4}.Release|Any CPU.ActiveCfg = Release|Any CPU
		{76CF7FEE-0925-F3BB-6DC6-1EB235F66BB4}.Release|Any CPU.Build.0 = Release|Any CPU
	EndGlobalSection
	GlobalSection(SolutionProperties) = preSolution
		HideSolutionNode = FALSE
	EndGlobalSection
EndGlobal
